{
  "object": {
    "pins": [
      {
        "package": "B9MulticastDelegate",
        "repositoryURL": "https://github.com/b9swift/MulticastDelegate",
        "state": {
          "branch": null,
          "revision": "1c5a741a39e37ba0717adb9405f367e26beeacf4",
          "version": "1.1.0"
        }
      },
      {
        "package": "swift-log",
        "repositoryURL": "https://github.com/apple/swift-log",
        "state": {
          "branch": null,
          "revision": "5d66f7ba25daf4f94100e7022febf3c75e37a6c7",
          "version": "1.4.2"
        }
      }
    ]
  },
  "version": 1
}
