{
  "object": {
    "pins": [
      {
        "package": "B9Action",
        "repositoryURL": "https://github.com/b9swift/Action",
        "state": {
          "branch": null,
          "revision": "ad6665b193e5f79658e2bca2a013e99ed6c3dd56",
          "version": "1.0.0"
        }
      },
      {
        "package": "B9AssociatedObject",
        "repositoryURL": "https://github.com/b9swift/AssociatedObject",
        "state": {
          "branch": null,
          "revision": "cd19916b2fa24312eacbb3886b96ca9a4133fdf8",
          "version": "1.0.0"
        }
      },
      {
        "package": "B9Debug",
        "repositoryURL": "https://github.com/b9swift/Debug",
        "state": {
          "branch": null,
          "revision": "dfe94a4e5d0674c8e0428bf6682d6bf2678ee69d",
          "version": "1.0.1"
        }
      },
      {
        "package": "B9MulticastDelegate",
        "repositoryURL": "https://github.com/b9swift/MulticastDelegate",
        "state": {
          "branch": null,
          "revision": "1c5a741a39e37ba0717adb9405f367e26beeacf4",
          "version": "1.1.0"
        }
      },
      {
        "package": "Pulse",
        "repositoryURL": "https://github.com/kean/Pulse",
        "state": {
          "branch": null,
          "revision": "403699c645e0872fa8986366a7015da334f0f48b",
          "version": "1.1.0"
        }
      },
      {
        "package": "swift-log",
        "repositoryURL": "https://github.com/apple/swift-log",
        "state": {
          "branch": null,
          "revision": "6fe203dc33195667ce1759bf0182975e4653ba1c",
          "version": "1.4.4"
        }
      }
    ]
  },
  "version": 1
}
