{
  "object": {
    "pins": [
      {
        "package": "B9AssociatedObject",
        "repositoryURL": "https://gitee.com/b9swift/AssociatedObject",
        "state": {
          "branch": null,
          "revision": "5d187f0e3ff28f7fecf9f4fcbdbd717d18fda4e3",
          "version": "1.0.0"
        }
      },
      {
        "package": "B9Debug",
        "repositoryURL": "https://gitee.com/b9swift/Debug",
        "state": {
          "branch": null,
          "revision": "8a94cc57f7591a83edf824a79b13a0f23fc8f311",
          "version": "1.0.1"
        }
      },
      {
        "package": "B9MulticastDelegate",
        "repositoryURL": "https://gitee.com/b9swift/MulticastDelegate",
        "state": {
          "branch": null,
          "revision": "1c5a741a39e37ba0717adb9405f367e26beeacf4",
          "version": "1.1.0"
        }
      },
      {
        "package": "Pulse",
        "repositoryURL": "https://gitee.com/b9swift/Pulse",
        "state": {
          "branch": null,
          "revision": "6cb81706105425aadfa383b74dae75703d35b609",
          "version": "0.20.2"
        }
      },
      {
        "package": "swift-log",
        "repositoryURL": "https://gitee.com/b9swift/swift-log",
        "state": {
          "branch": null,
          "revision": "5d66f7ba25daf4f94100e7022febf3c75e37a6c7",
          "version": "1.4.2"
        }
      }
    ]
  },
  "version": 1
}
