{
  "object": {
    "pins": [
      {
        "package": "B9Action",
        "repositoryURL": "https://gitee.com/b9swift/Action.git",
        "state": {
          "branch": null,
          "revision": "fb5d1d155f1a7d420785423f8c81875c406c23d6",
          "version": "1.0.0"
        }
      }
    ]
  },
  "version": 1
}
